// !$*UTF8*$!
{
	archiveVersion = 1;
	classes = {
	};
	objectVersion = 53;
	objects = {

/* Begin PBXBuildFile section */
		9F095CE024BB2C7500F10E61 /* AppDelegate.swift in Sources */ = {isa = PBXBuildFile; fileRef = 9F095CDF24BB2C7500F10E61 /* AppDelegate.swift */; };
		9F095CE224BB2C7500F10E61 /* SceneDelegate.swift in Sources */ = {isa = PBXBuildFile; fileRef = 9F095CE124BB2C7500F10E61 /* SceneDelegate.swift */; };
		9F095CE424BB2C7500F10E61 /* LandmarkDetail.swift in Sources */ = {isa = PBXBuildFile; fileRef = 9F095CE324BB2C7500F10E61 /* LandmarkDetail.swift */; };
		9F095CE624BB2C7600F10E61 /* Assets.xcassets in Resources */ = {isa = PBXBuildFile; fileRef = 9F095CE524BB2C7600F10E61 /* Assets.xcassets */; };
		9F095CE924BB2C7600F10E61 /* Preview Assets.xcassets in Resources */ = {isa = PBXBuildFile; fileRef = 9F095CE824BB2C7600F10E61 /* Preview Assets.xcassets */; };
		9F095CEC24BB2C7600F10E61 /* LaunchScreen.storyboard in Resources */ = {isa = PBXBuildFile; fileRef = 9F095CEA24BB2C7600F10E61 /* LaunchScreen.storyboard */; };
		9F6E0B9F24BBB53E0072B3BA /* Landmark.swift in Sources */ = {isa = PBXBuildFile; fileRef = 9F6E0B9E24BBB53E0072B3BA /* Landmark.swift */; };
		9F6E0BA124BBB8D00072B3BA /* Data.swift in Sources */ = {isa = PBXBuildFile; fileRef = 9F6E0BA024BBB8D00072B3BA /* Data.swift */; };
		9F6E0BA424BBBA3D0072B3BA /* landmarkData.json in Resources */ = {isa = PBXBuildFile; fileRef = 9F6E0BA324BBBA3D0072B3BA /* landmarkData.json */; };
		9F6E0BA624BBBD150072B3BA /* LandmarkRow.swift in Sources */ = {isa = PBXBuildFile; fileRef = 9F6E0BA524BBBD150072B3BA /* LandmarkRow.swift */; };
		9F6E0BB324BBBF240072B3BA /* twinlake.jpg in Resources */ = {isa = PBXBuildFile; fileRef = 9F6E0BA724BBBF240072B3BA /* twinlake.jpg */; };
		9F6E0BB424BBBF240072B3BA /* lakemcdonald.jpg in Resources */ = {isa = PBXBuildFile; fileRef = 9F6E0BA824BBBF240072B3BA /* lakemcdonald.jpg */; };
		9F6E0BB524BBBF240072B3BA /* rainbowlake.jpg in Resources */ = {isa = PBXBuildFile; fileRef = 9F6E0BA924BBBF240072B3BA /* rainbowlake.jpg */; };
		9F6E0BB624BBBF240072B3BA /* chilkoottrail.jpg in Resources */ = {isa = PBXBuildFile; fileRef = 9F6E0BAA24BBBF240072B3BA /* chilkoottrail.jpg */; };
		9F6E0BB724BBBF240072B3BA /* chincoteague.jpg in Resources */ = {isa = PBXBuildFile; fileRef = 9F6E0BAB24BBBF240072B3BA /* chincoteague.jpg */; };
		9F6E0BB824BBBF240072B3BA /* silversalmoncreek.jpg in Resources */ = {isa = PBXBuildFile; fileRef = 9F6E0BAC24BBBF240072B3BA /* silversalmoncreek.jpg */; };
		9F6E0BB924BBBF240072B3BA /* umbagog.jpg in Resources */ = {isa = PBXBuildFile; fileRef = 9F6E0BAD24BBBF240072B3BA /* umbagog.jpg */; };
		9F6E0BBA24BBBF240072B3BA /* icybay.jpg in Resources */ = {isa = PBXBuildFile; fileRef = 9F6E0BAE24BBBF240072B3BA /* icybay.jpg */; };
		9F6E0BBB24BBBF240072B3BA /* charleyrivers.jpg in Resources */ = {isa = PBXBuildFile; fileRef = 9F6E0BAF24BBBF240072B3BA /* charleyrivers.jpg */; };
		9F6E0BBC24BBBF240072B3BA /* hiddenlake.jpg in Resources */ = {isa = PBXBuildFile; fileRef = 9F6E0BB024BBBF240072B3BA /* hiddenlake.jpg */; };
		9F6E0BBD24BBBF240072B3BA /* turtlerock.jpg in Resources */ = {isa = PBXBuildFile; fileRef = 9F6E0BB124BBBF240072B3BA /* turtlerock.jpg */; };
		9F6E0BBE24BBBF240072B3BA /* stmarylake.jpg in Resources */ = {isa = PBXBuildFile; fileRef = 9F6E0BB224BBBF240072B3BA /* stmarylake.jpg */; };
		9FC59F4D24BB7F1600B77388 /* CircleImage.swift in Sources */ = {isa = PBXBuildFile; fileRef = 9FC59F4C24BB7F1600B77388 /* CircleImage.swift */; };
		9FC59F4F24BB93E600B77388 /* MapView.swift in Sources */ = {isa = PBXBuildFile; fileRef = 9FC59F4E24BB93E600B77388 /* MapView.swift */; };
		9FC9231024BD6C2F003D6013 /* LandmarkList.swift in Sources */ = {isa = PBXBuildFile; fileRef = 9FC9230F24BD6C2F003D6013 /* LandmarkList.swift */; };
		9FF6D12724BDAFD400720BF3 /* UserData.swift in Sources */ = {isa = PBXBuildFile; fileRef = 9FF6D12624BDAFD400720BF3 /* UserData.swift */; };
/* End PBXBuildFile section */

/* Begin PBXFileReference section */
		9F095CDC24BB2C7500F10E61 /* Landmarks.app */ = {isa = PBXFileReference; explicitFileType = wrapper.application; includeInIndex = 0; path = Landmarks.app; sourceTree = BUILT_PRODUCTS_DIR; };
		9F095CDF24BB2C7500F10E61 /* AppDelegate.swift */ = {isa = PBXFileReference; lastKnownFileType = sourcecode.swift; path = AppDelegate.swift; sourceTree = "<group>"; };
		9F095CE124BB2C7500F10E61 /* SceneDelegate.swift */ = {isa = PBXFileReference; lastKnownFileType = sourcecode.swift; path = SceneDelegate.swift; sourceTree = "<group>"; };
		9F095CE324BB2C7500F10E61 /* LandmarkDetail.swift */ = {isa = PBXFileReference; lastKnownFileType = sourcecode.swift; path = LandmarkDetail.swift; sourceTree = "<group>"; };
		9F095CE524BB2C7600F10E61 /* Assets.xcassets */ = {isa = PBXFileReference; lastKnownFileType = folder.assetcatalog; path = Assets.xcassets; sourceTree = "<group>"; };
		9F095CE824BB2C7600F10E61 /* Preview Assets.xcassets */ = {isa = PBXFileReference; lastKnownFileType = folder.assetcatalog; path = "Preview Assets.xcassets"; sourceTree = "<group>"; };
		9F095CEB24BB2C7600F10E61 /* Base */ = {isa = PBXFileReference; lastKnownFileType = file.storyboard; name = Base; path = Base.lproj/LaunchScreen.storyboard; sourceTree = "<group>"; };
		9F095CED24BB2C7600F10E61 /* Info.plist */ = {isa = PBXFileReference; lastKnownFileType = text.plist.xml; path = Info.plist; sourceTree = "<group>"; };
		9F6E0B9E24BBB53E0072B3BA /* Landmark.swift */ = {isa = PBXFileReference; lastKnownFileType = sourcecode.swift; path = Landmark.swift; sourceTree = "<group>"; };
		9F6E0BA024BBB8D00072B3BA /* Data.swift */ = {isa = PBXFileReference; lastKnownFileType = sourcecode.swift; path = Data.swift; sourceTree = "<group>"; };
		9F6E0BA324BBBA3D0072B3BA /* landmarkData.json */ = {isa = PBXFileReference; fileEncoding = 4; lastKnownFileType = text.json; path = landmarkData.json; sourceTree = "<group>"; };
		9F6E0BA524BBBD150072B3BA /* LandmarkRow.swift */ = {isa = PBXFileReference; lastKnownFileType = sourcecode.swift; path = LandmarkRow.swift; sourceTree = "<group>"; };
		9F6E0BA724BBBF240072B3BA /* twinlake.jpg */ = {isa = PBXFileReference; lastKnownFileType = image.jpeg; path = twinlake.jpg; sourceTree = "<group>"; };
		9F6E0BA824BBBF240072B3BA /* lakemcdonald.jpg */ = {isa = PBXFileReference; lastKnownFileType = image.jpeg; path = lakemcdonald.jpg; sourceTree = "<group>"; };
		9F6E0BA924BBBF240072B3BA /* rainbowlake.jpg */ = {isa = PBXFileReference; lastKnownFileType = image.jpeg; path = rainbowlake.jpg; sourceTree = "<group>"; };
		9F6E0BAA24BBBF240072B3BA /* chilkoottrail.jpg */ = {isa = PBXFileReference; lastKnownFileType = image.jpeg; path = chilkoottrail.jpg; sourceTree = "<group>"; };
		9F6E0BAB24BBBF240072B3BA /* chincoteague.jpg */ = {isa = PBXFileReference; lastKnownFileType = image.jpeg; path = chincoteague.jpg; sourceTree = "<group>"; };
		9F6E0BAC24BBBF240072B3BA /* silversalmoncreek.jpg */ = {isa = PBXFileReference; lastKnownFileType = image.jpeg; path = silversalmoncreek.jpg; sourceTree = "<group>"; };
		9F6E0BAD24BBBF240072B3BA /* umbagog.jpg */ = {isa = PBXFileReference; lastKnownFileType = image.jpeg; path = umbagog.jpg; sourceTree = "<group>"; };
		9F6E0BAE24BBBF240072B3BA /* icybay.jpg */ = {isa = PBXFileReference; lastKnownFileType = image.jpeg; path = icybay.jpg; sourceTree = "<group>"; };
		9F6E0BAF24BBBF240072B3BA /* charleyrivers.jpg */ = {isa = PBXFileReference; lastKnownFileType = image.jpeg; path = charleyrivers.jpg; sourceTree = "<group>"; };
		9F6E0BB024BBBF240072B3BA /* hiddenlake.jpg */ = {isa = PBXFileReference; lastKnownFileType = image.jpeg; path = hiddenlake.jpg; sourceTree = "<group>"; };
		9F6E0BB124BBBF240072B3BA /* turtlerock.jpg */ = {isa = PBXFileReference; lastKnownFileType = image.jpeg; path = turtlerock.jpg; sourceTree = "<group>"; };
		9F6E0BB224BBBF240072B3BA /* stmarylake.jpg */ = {isa = PBXFileReference; lastKnownFileType = image.jpeg; path = stmarylake.jpg; sourceTree = "<group>"; };
		9FC59F4C24BB7F1600B77388 /* CircleImage.swift */ = {isa = PBXFileReference; lastKnownFileType = sourcecode.swift; path = CircleImage.swift; sourceTree = "<group>"; };
		9FC59F4E24BB93E600B77388 /* MapView.swift */ = {isa = PBXFileReference; lastKnownFileType = sourcecode.swift; path = MapView.swift; sourceTree = "<group>"; };
		9FC9230F24BD6C2F003D6013 /* LandmarkList.swift */ = {isa = PBXFileReference; lastKnownFileType = sourcecode.swift; path = LandmarkList.swift; sourceTree = "<group>"; };
		9FF6D12624BDAFD400720BF3 /* UserData.swift */ = {isa = PBXFileReference; lastKnownFileType = sourcecode.swift; path = UserData.swift; sourceTree = "<group>"; };
/* End PBXFileReference section */

/* Begin PBXFrameworksBuildPhase section */
		9F095CD924BB2C7500F10E61 /* Frameworks */ = {
			isa = PBXFrameworksBuildPhase;
			buildActionMask = 2147483647;
			files = (
			);
			runOnlyForDeploymentPostprocessing = 0;
		};
/* End PBXFrameworksBuildPhase section */

/* Begin PBXGroup section */
		9F095CD324BB2C7500F10E61 = {
			isa = PBXGroup;
			children = (
				9F095CDE24BB2C7500F10E61 /* Landmarks */,
				9F095CDD24BB2C7500F10E61 /* Products */,
			);
			sourceTree = "<group>";
		};
		9F095CDD24BB2C7500F10E61 /* Products */ = {
			isa = PBXGroup;
			children = (
				9F095CDC24BB2C7500F10E61 /* Landmarks.app */,
			);
			name = Products;
			sourceTree = "<group>";
		};
		9F095CDE24BB2C7500F10E61 /* Landmarks */ = {
			isa = PBXGroup;
			children = (
				9F6E0BA224BBBA130072B3BA /* Resources */,
				9F6E0B9D24BBB5040072B3BA /* Models */,
				9F095CDF24BB2C7500F10E61 /* AppDelegate.swift */,
				9F095CE124BB2C7500F10E61 /* SceneDelegate.swift */,
				9FF6D12624BDAFD400720BF3 /* UserData.swift */,
				9FC9230F24BD6C2F003D6013 /* LandmarkList.swift */,
				9F6E0BA524BBBD150072B3BA /* LandmarkRow.swift */,
				9F095CE324BB2C7500F10E61 /* LandmarkDetail.swift */,
				9FC59F4C24BB7F1600B77388 /* CircleImage.swift */,
				9FC59F4E24BB93E600B77388 /* MapView.swift */,
				9F095CE524BB2C7600F10E61 /* Assets.xcassets */,
				9F095CEA24BB2C7600F10E61 /* LaunchScreen.storyboard */,
				9F095CED24BB2C7600F10E61 /* Info.plist */,
				9F095CE724BB2C7600F10E61 /* Preview Content */,
			);
			path = Landmarks;
			sourceTree = "<group>";
		};
		9F095CE724BB2C7600F10E61 /* Preview Content */ = {
			isa = PBXGroup;
			children = (
				9F095CE824BB2C7600F10E61 /* Preview Assets.xcassets */,
			);
			path = "Preview Content";
			sourceTree = "<group>";
		};
		9F6E0B9D24BBB5040072B3BA /* Models */ = {
			isa = PBXGroup;
			children = (
				9F6E0BA024BBB8D00072B3BA /* Data.swift */,
				9F6E0B9E24BBB53E0072B3BA /* Landmark.swift */,
			);
			path = Models;
			sourceTree = "<group>";
		};
		9F6E0BA224BBBA130072B3BA /* Resources */ = {
			isa = PBXGroup;
			children = (
				9F6E0BAA24BBBF240072B3BA /* chilkoottrail.jpg */,
				9F6E0BAB24BBBF240072B3BA /* chincoteague.jpg */,
				9F6E0BB024BBBF240072B3BA /* hiddenlake.jpg */,
				9F6E0BAE24BBBF240072B3BA /* icybay.jpg */,
				9F6E0BA824BBBF240072B3BA /* lakemcdonald.jpg */,
				9F6E0BA924BBBF240072B3BA /* rainbowlake.jpg */,
				9F6E0BAC24BBBF240072B3BA /* silversalmoncreek.jpg */,
				9F6E0BB224BBBF240072B3BA /* stmarylake.jpg */,
				9F6E0BB124BBBF240072B3BA /* turtlerock.jpg */,
				9F6E0BA724BBBF240072B3BA /* twinlake.jpg */,
				9F6E0BAD24BBBF240072B3BA /* umbagog.jpg */,
				9F6E0BAF24BBBF240072B3BA /* charleyrivers.jpg */,
				9F6E0BA324BBBA3D0072B3BA /* landmarkData.json */,
			);
			path = Resources;
			sourceTree = "<group>";
		};
/* End PBXGroup section */

/* Begin PBXNativeTarget section */
		9F095CDB24BB2C7500F10E61 /* Landmarks */ = {
			isa = PBXNativeTarget;
			buildConfigurationList = 9F095CF024BB2C7600F10E61 /* Build configuration list for PBXNativeTarget "Landmarks" */;
			buildPhases = (
				9F095CD824BB2C7500F10E61 /* Sources */,
				9F095CD924BB2C7500F10E61 /* Frameworks */,
				9F095CDA24BB2C7500F10E61 /* Resources */,
			);
			buildRules = (
			);
			dependencies = (
			);
			name = Landmarks;
			productName = Landmarks;
			productReference = 9F095CDC24BB2C7500F10E61 /* Landmarks.app */;
			productType = "com.apple.product-type.application";
		};
/* End PBXNativeTarget section */

/* Begin PBXProject section */
		9F095CD424BB2C7500F10E61 /* Project object */ = {
			isa = PBXProject;
			attributes = {
				LastSwiftUpdateCheck = 1150;
				LastUpgradeCheck = 1150;
				ORGANIZATIONNAME = macForce;
				TargetAttributes = {
					9F095CDB24BB2C7500F10E61 = {
						CreatedOnToolsVersion = 11.5;
					};
				};
			};
			buildConfigurationList = 9F095CD724BB2C7500F10E61 /* Build configuration list for PBXProject "Landmarks" */;
			compatibilityVersion = "Xcode 11.4";
			developmentRegion = en;
			hasScannedForEncodings = 0;
			knownRegions = (
				en,
				Base,
			);
			mainGroup = 9F095CD324BB2C7500F10E61;
			productRefGroup = 9F095CDD24BB2C7500F10E61 /* Products */;
			projectDirPath = "";
			projectRoot = "";
			targets = (
				9F095CDB24BB2C7500F10E61 /* Landmarks */,
			);
		};
/* End PBXProject section */

/* Begin PBXResourcesBuildPhase section */
		9F095CDA24BB2C7500F10E61 /* Resources */ = {
			isa = PBXResourcesBuildPhase;
			buildActionMask = 2147483647;
			files = (
				9F6E0BB524BBBF240072B3BA /* rainbowlake.jpg in Resources */,
				9F6E0BB624BBBF240072B3BA /* chilkoottrail.jpg in Resources */,
				9F6E0BB424BBBF240072B3BA /* lakemcdonald.jpg in Resources */,
				9F6E0BB724BBBF240072B3BA /* chincoteague.jpg in Resources */,
				9F095CEC24BB2C7600F10E61 /* LaunchScreen.storyboard in Resources */,
				9F6E0BB824BBBF240072B3BA /* silversalmoncreek.jpg in Resources */,
				9F6E0BBC24BBBF240072B3BA /* hiddenlake.jpg in Resources */,
				9F6E0BB324BBBF240072B3BA /* twinlake.jpg in Resources */,
				9F6E0BA424BBBA3D0072B3BA /* landmarkData.json in Resources */,
				9F095CE924BB2C7600F10E61 /* Preview Assets.xcassets in Resources */,
				9F6E0BBE24BBBF240072B3BA /* stmarylake.jpg in Resources */,
				9F6E0BB924BBBF240072B3BA /* umbagog.jpg in Resources */,
				9F6E0BBA24BBBF240072B3BA /* icybay.jpg in Resources */,
				9F095CE624BB2C7600F10E61 /* Assets.xcassets in Resources */,
				9F6E0BBB24BBBF240072B3BA /* charleyrivers.jpg in Resources */,
				9F6E0BBD24BBBF240072B3BA /* turtlerock.jpg in Resources */,
			);
			runOnlyForDeploymentPostprocessing = 0;
		};
/* End PBXResourcesBuildPhase section */

/* Begin PBXSourcesBuildPhase section */
		9F095CD824BB2C7500F10E61 /* Sources */ = {
			isa = PBXSourcesBuildPhase;
			buildActionMask = 2147483647;
			files = (
				9F6E0BA124BBB8D00072B3BA /* Data.swift in Sources */,
				9F095CE024BB2C7500F10E61 /* AppDelegate.swift in Sources */,
				9FC59F4D24BB7F1600B77388 /* CircleImage.swift in Sources */,
				9FC59F4F24BB93E600B77388 /* MapView.swift in Sources */,
				9FC9231024BD6C2F003D6013 /* LandmarkList.swift in Sources */,
				9F095CE224BB2C7500F10E61 /* SceneDelegate.swift in Sources */,
				9F095CE424BB2C7500F10E61 /* LandmarkDetail.swift in Sources */,
				9F6E0BA624BBBD150072B3BA /* LandmarkRow.swift in Sources */,
				9FF6D12724BDAFD400720BF3 /* UserData.swift in Sources */,
				9F6E0B9F24BBB53E0072B3BA /* Landmark.swift in Sources */,
			);
			runOnlyForDeploymentPostprocessing = 0;
		};
/* End PBXSourcesBuildPhase section */

/* Begin PBXVariantGroup section */
		9F095CEA24BB2C7600F10E61 /* LaunchScreen.storyboard */ = {
			isa = PBXVariantGroup;
			children = (
				9F095CEB24BB2C7600F10E61 /* Base */,
			);
			name = LaunchScreen.storyboard;
			sourceTree = "<group>";
		};
/* End PBXVariantGroup section */

/* Begin XCBuildConfiguration section */
		9F095CEE24BB2C7600F10E61 /* Debug */ = {
			isa = XCBuildConfiguration;
			buildSettings = {
				ALWAYS_SEARCH_USER_PATHS = NO;
				CLANG_ANALYZER_NONNULL = YES;
				CLANG_ANALYZER_NUMBER_OBJECT_CONVERSION = YES_AGGRESSIVE;
				CLANG_CXX_LANGUAGE_STANDARD = "gnu++14";
				CLANG_CXX_LIBRARY = "libc++";
				CLANG_ENABLE_MODULES = YES;
				CLANG_ENABLE_OBJC_ARC = YES;
				CLANG_ENABLE_OBJC_WEAK = YES;
				CLANG_WARN_BLOCK_CAPTURE_AUTORELEASING = YES;
				CLANG_WARN_BOOL_CONVERSION = YES;
				CLANG_WARN_COMMA = YES;
				CLANG_WARN_CONSTANT_CONVERSION = YES;
				CLANG_WARN_DEPRECATED_OBJC_IMPLEMENTATIONS = YES;
				CLANG_WARN_DIRECT_OBJC_ISA_USAGE = YES_ERROR;
				CLANG_WARN_DOCUMENTATION_COMMENTS = YES;
				CLANG_WARN_EMPTY_BODY = YES;
				CLANG_WARN_ENUM_CONVERSION = YES;
				CLANG_WARN_INFINITE_RECURSION = YES;
				CLANG_WARN_INT_CONVERSION = YES;
				CLANG_WARN_NON_LITERAL_NULL_CONVERSION = YES;
				CLANG_WARN_OBJC_IMPLICIT_RETAIN_SELF = YES;
				CLANG_WARN_OBJC_LITERAL_CONVERSION = YES;
				CLANG_WARN_OBJC_ROOT_CLASS = YES_ERROR;
				CLANG_WARN_RANGE_LOOP_ANALYSIS = YES;
				CLANG_WARN_STRICT_PROTOTYPES = YES;
				CLANG_WARN_SUSPICIOUS_MOVE = YES;
				CLANG_WARN_UNGUARDED_AVAILABILITY = YES_AGGRESSIVE;
				CLANG_WARN_UNREACHABLE_CODE = YES;
				CLANG_WARN__DUPLICATE_METHOD_MATCH = YES;
				COPY_PHASE_STRIP = NO;
				DEBUG_INFORMATION_FORMAT = dwarf;
				ENABLE_STRICT_OBJC_MSGSEND = YES;
				ENABLE_TESTABILITY = YES;
				GCC_C_LANGUAGE_STANDARD = gnu11;
				GCC_DYNAMIC_NO_PIC = NO;
				GCC_NO_COMMON_BLOCKS = YES;
				GCC_OPTIMIZATION_LEVEL = 0;
				GCC_PREPROCESSOR_DEFINITIONS = (
					"DEBUG=1",
					"$(inherited)",
				);
				GCC_WARN_64_TO_32_BIT_CONVERSION = YES;
				GCC_WARN_ABOUT_RETURN_TYPE = YES_ERROR;
				GCC_WARN_UNDECLARED_SELECTOR = YES;
				GCC_WARN_UNINITIALIZED_AUTOS = YES_AGGRESSIVE;
				GCC_WARN_UNUSED_FUNCTION = YES;
				GCC_WARN_UNUSED_VARIABLE = YES;
				IPHONEOS_DEPLOYMENT_TARGET = 13.5;
				MTL_ENABLE_DEBUG_INFO = INCLUDE_SOURCE;
				MTL_FAST_MATH = YES;
				ONLY_ACTIVE_ARCH = YES;
				SDKROOT = iphoneos;
				SWIFT_ACTIVE_COMPILATION_CONDITIONS = DEBUG;
				SWIFT_OPTIMIZATION_LEVEL = "-Onone";
			};
			name = Debug;
		};
		9F095CEF24BB2C7600F10E61 /* Release */ = {
			isa = XCBuildConfiguration;
			buildSettings = {
				ALWAYS_SEARCH_USER_PATHS = NO;
				CLANG_ANALYZER_NONNULL = YES;
				CLANG_ANALYZER_NUMBER_OBJECT_CONVERSION = YES_AGGRESSIVE;
				CLANG_CXX_LANGUAGE_STANDARD = "gnu++14";
				CLANG_CXX_LIBRARY = "libc++";
				CLANG_ENABLE_MODULES = YES;
				CLANG_ENABLE_OBJC_ARC = YES;
				CLANG_ENABLE_OBJC_WEAK = YES;
				CLANG_WARN_BLOCK_CAPTURE_AUTORELEASING = YES;
				CLANG_WARN_BOOL_CONVERSION = YES;
				CLANG_WARN_COMMA = YES;
				CLANG_WARN_CONSTANT_CONVERSION = YES;
				CLANG_WARN_DEPRECATED_OBJC_IMPLEMENTATIONS = YES;
				CLANG_WARN_DIRECT_OBJC_ISA_USAGE = YES_ERROR;
				CLANG_WARN_DOCUMENTATION_COMMENTS = YES;
				CLANG_WARN_EMPTY_BODY = YES;
				CLANG_WARN_ENUM_CONVERSION = YES;
				CLANG_WARN_INFINITE_RECURSION = YES;
				CLANG_WARN_INT_CONVERSION = YES;
				CLANG_WARN_NON_LITERAL_NULL_CONVERSION = YES;
				CLANG_WARN_OBJC_IMPLICIT_RETAIN_SELF = YES;
				CLANG_WARN_OBJC_LITERAL_CONVERSION = YES;
				CLANG_WARN_OBJC_ROOT_CLASS = YES_ERROR;
				CLANG_WARN_RANGE_LOOP_ANALYSIS = YES;
				CLANG_WARN_STRICT_PROTOTYPES = YES;
				CLANG_WARN_SUSPICIOUS_MOVE = YES;
				CLANG_WARN_UNGUARDED_AVAILABILITY = YES_AGGRESSIVE;
				CLANG_WARN_UNREACHABLE_CODE = YES;
				CLANG_WARN__DUPLICATE_METHOD_MATCH = YES;
				COPY_PHASE_STRIP = NO;
				DEBUG_INFORMATION_FORMAT = "dwarf-with-dsym";
				ENABLE_NS_ASSERTIONS = NO;
				ENABLE_STRICT_OBJC_MSGSEND = YES;
				GCC_C_LANGUAGE_STANDARD = gnu11;
				GCC_NO_COMMON_BLOCKS = YES;
				GCC_WARN_64_TO_32_BIT_CONVERSION = YES;
				GCC_WARN_ABOUT_RETURN_TYPE = YES_ERROR;
				GCC_WARN_UNDECLARED_SELECTOR = YES;
				GCC_WARN_UNINITIALIZED_AUTOS = YES_AGGRESSIVE;
				GCC_WARN_UNUSED_FUNCTION = YES;
				GCC_WARN_UNUSED_VARIABLE = YES;
				IPHONEOS_DEPLOYMENT_TARGET = 13.5;
				MTL_ENABLE_DEBUG_INFO = NO;
				MTL_FAST_MATH = YES;
				SDKROOT = iphoneos;
				SWIFT_COMPILATION_MODE = wholemodule;
				SWIFT_OPTIMIZATION_LEVEL = "-O";
				VALIDATE_PRODUCT = YES;
			};
			name = Release;
		};
		9F095CF124BB2C7600F10E61 /* Debug */ = {
			isa = XCBuildConfiguration;
			buildSettings = {
				ASSETCATALOG_COMPILER_APPICON_NAME = AppIcon;
				CODE_SIGN_STYLE = Automatic;
				DEVELOPMENT_ASSET_PATHS = "\"Landmarks/Preview Content\"";
				DEVELOPMENT_TEAM = JCQ8RQ8D68;
				ENABLE_PREVIEWS = YES;
				INFOPLIST_FILE = Landmarks/Info.plist;
				LD_RUNPATH_SEARCH_PATHS = (
					"$(inherited)",
					"@executable_path/Frameworks",
				);
				PRODUCT_BUNDLE_IDENTIFIER = one.macForce.Landmarks;
				PRODUCT_NAME = "$(TARGET_NAME)";
				SWIFT_VERSION = 5.0;
				TARGETED_DEVICE_FAMILY = "1,2";
			};
			name = Debug;
		};
		9F095CF224BB2C7600F10E61 /* Release */ = {
			isa = XCBuildConfiguration;
			buildSettings = {
				ASSETCATALOG_COMPILER_APPICON_NAME = AppIcon;
				CODE_SIGN_STYLE = Automatic;
				DEVELOPMENT_ASSET_PATHS = "\"Landmarks/Preview Content\"";
				DEVELOPMENT_TEAM = JCQ8RQ8D68;
				ENABLE_PREVIEWS = YES;
				INFOPLIST_FILE = Landmarks/Info.plist;
				LD_RUNPATH_SEARCH_PATHS = (
					"$(inherited)",
					"@executable_path/Frameworks",
				);
				PRODUCT_BUNDLE_IDENTIFIER = one.macForce.Landmarks;
				PRODUCT_NAME = "$(TARGET_NAME)";
				SWIFT_VERSION = 5.0;
				TARGETED_DEVICE_FAMILY = "1,2";
			};
			name = Release;
		};
/* End XCBuildConfiguration section */

/* Begin XCConfigurationList section */
		9F095CD724BB2C7500F10E61 /* Build configuration list for PBXProject "Landmarks" */ = {
			isa = XCConfigurationList;
			buildConfigurations = (
				9F095CEE24BB2C7600F10E61 /* Debug */,
				9F095CEF24BB2C7600F10E61 /* Release */,
			);
			defaultConfigurationIsVisible = 0;
			defaultConfigurationName = Release;
		};
		9F095CF024BB2C7600F10E61 /* Build configuration list for PBXNativeTarget "Landmarks" */ = {
			isa = XCConfigurationList;
			buildConfigurations = (
				9F095CF124BB2C7600F10E61 /* Debug */,
				9F095CF224BB2C7600F10E61 /* Release */,
			);
			defaultConfigurationIsVisible = 0;
			defaultConfigurationName = Release;
		};
/* End XCConfigurationList section */
	};
	rootObject = 9F095CD424BB2C7500F10E61 /* Project object */;
}
